
Microsoft Visual Studio Solution File, Format Version 11.00
# Visual Studio 2010
Project("{FAE04EC0-301F-11D3-BF4B-00C04F79EFBC}") = "COMP-395-RTS-Flocking", "Assembly-CSharp.csproj", "{4F132C5C-275C-07A0-6FFD-991BBC70A298}"
EndProject
Global
	GlobalSection(SolutionConfigurationPlatforms) = preSolution
		Debug|Any CPU = Debug|Any CPU
		Release|Any CPU = Release|Any CPU
	EndGlobalSection
	GlobalSection(ProjectConfigurationPlatforms) = postSolution
		{4F132C5C-275C-07A0-6FFD-991BBC70A298}.Debug|Any CPU.ActiveCfg = Debug|Any CPU
		{4F132C5C-275C-07A0-6FFD-991BBC70A298}.Debug|Any CPU.Build.0 = Debug|Any CPU
		{4F132C5C-275C-07A0-6FFD-991BBC70A298}.Release|Any CPU.ActiveCfg = Release|Any CPU
		{4F132C5C-275C-07A0-6FFD-991BBC70A298}.Release|Any CPU.Build.0 = Release|Any CPU
	EndGlobalSection
	GlobalSection(SolutionProperties) = preSolution
		HideSolutionNode = FALSE
	EndGlobalSection
	GlobalSection(MonoDevelopProperties) = preSolution
		StartupItem = Assembly-CSharp.csproj
	EndGlobalSection
EndGlobal
